// !$*UTF8*$!
{
	archiveVersion = 1;
	classes = {
	};
	objectVersion = 50;
	objects = {

/* Begin PBXBuildFile section */
		6DF77B6725DC8AA00097DA13 /* AppDelegate.swift in Sources */ = {isa = PBXBuildFile; fileRef = 6DF77B6625DC8AA00097DA13 /* AppDelegate.swift */; };
		6DF77B6925DC8AA00097DA13 /* SceneDelegate.swift in Sources */ = {isa = PBXBuildFile; fileRef = 6DF77B6825DC8AA00097DA13 /* SceneDelegate.swift */; };
		6DF77B6B25DC8AA00097DA13 /* ViewController.swift in Sources */ = {isa = PBXBuildFile; fileRef = 6DF77B6A25DC8AA00097DA13 /* ViewController.swift */; };
		6DF77B6E25DC8AA00097DA13 /* Main.storyboard in Resources */ = {isa = PBXBuildFile; fileRef = 6DF77B6C25DC8AA00097DA13 /* Main.storyboard */; };
		6DF77B7025DC8AA30097DA13 /* Assets.xcassets in Resources */ = {isa = PBXBuildFile; fileRef = 6DF77B6F25DC8AA30097DA13 /* Assets.xcassets */; };
		6DF77B7325DC8AA30097DA13 /* LaunchScreen.storyboard in Resources */ = {isa = PBXBuildFile; fileRef = 6DF77B7125DC8AA30097DA13 /* LaunchScreen.storyboard */; };
		6DF77B7E25DC8AA30097DA13 /* DesignPatternsTests.swift in Sources */ = {isa = PBXBuildFile; fileRef = 6DF77B7D25DC8AA30097DA13 /* DesignPatternsTests.swift */; };
		6DF77B8925DC8AA30097DA13 /* DesignPatternsUITests.swift in Sources */ = {isa = PBXBuildFile; fileRef = 6DF77B8825DC8AA30097DA13 /* DesignPatternsUITests.swift */; };
/* End PBXBuildFile section */

/* Begin PBXContainerItemProxy section */
		6DF77B7A25DC8AA30097DA13 /* PBXContainerItemProxy */ = {
			isa = PBXContainerItemProxy;
			containerPortal = 6DF77B5B25DC8AA00097DA13 /* Project object */;
			proxyType = 1;
			remoteGlobalIDString = 6DF77B6225DC8AA00097DA13;
			remoteInfo = DesignPatterns;
		};
		6DF77B8525DC8AA30097DA13 /* PBXContainerItemProxy */ = {
			isa = PBXContainerItemProxy;
			containerPortal = 6DF77B5B25DC8AA00097DA13 /* Project object */;
			proxyType = 1;
			remoteGlobalIDString = 6DF77B6225DC8AA00097DA13;
			remoteInfo = DesignPatterns;
		};
/* End PBXContainerItemProxy section */

/* Begin PBXFileReference section */
		6DF77B6325DC8AA00097DA13 /* DesignPatterns.app */ = {isa = PBXFileReference; explicitFileType = wrapper.application; includeInIndex = 0; path = DesignPatterns.app; sourceTree = BUILT_PRODUCTS_DIR; };
		6DF77B6625DC8AA00097DA13 /* AppDelegate.swift */ = {isa = PBXFileReference; lastKnownFileType = sourcecode.swift; path = AppDelegate.swift; sourceTree = "<group>"; };
		6DF77B6825DC8AA00097DA13 /* SceneDelegate.swift */ = {isa = PBXFileReference; lastKnownFileType = sourcecode.swift; path = SceneDelegate.swift; sourceTree = "<group>"; };
		6DF77B6A25DC8AA00097DA13 /* ViewController.swift */ = {isa = PBXFileReference; lastKnownFileType = sourcecode.swift; path = ViewController.swift; sourceTree = "<group>"; };
		6DF77B6D25DC8AA00097DA13 /* Base */ = {isa = PBXFileReference; lastKnownFileType = file.storyboard; name = Base; path = Base.lproj/Main.storyboard; sourceTree = "<group>"; };
		6DF77B6F25DC8AA30097DA13 /* Assets.xcassets */ = {isa = PBXFileReference; lastKnownFileType = folder.assetcatalog; path = Assets.xcassets; sourceTree = "<group>"; };
		6DF77B7225DC8AA30097DA13 /* Base */ = {isa = PBXFileReference; lastKnownFileType = file.storyboard; name = Base; path = Base.lproj/LaunchScreen.storyboard; sourceTree = "<group>"; };
		6DF77B7425DC8AA30097DA13 /* Info.plist */ = {isa = PBXFileReference; lastKnownFileType = text.plist.xml; path = Info.plist; sourceTree = "<group>"; };
		6DF77B7925DC8AA30097DA13 /* DesignPatternsTests.xctest */ = {isa = PBXFileReference; explicitFileType = wrapper.cfbundle; includeInIndex = 0; path = DesignPatternsTests.xctest; sourceTree = BUILT_PRODUCTS_DIR; };
		6DF77B7D25DC8AA30097DA13 /* DesignPatternsTests.swift */ = {isa = PBXFileReference; lastKnownFileType = sourcecode.swift; path = DesignPatternsTests.swift; sourceTree = "<group>"; };
		6DF77B7F25DC8AA30097DA13 /* Info.plist */ = {isa = PBXFileReference; lastKnownFileType = text.plist.xml; path = Info.plist; sourceTree = "<group>"; };
		6DF77B8425DC8AA30097DA13 /* DesignPatternsUITests.xctest */ = {isa = PBXFileReference; explicitFileType = wrapper.cfbundle; includeInIndex = 0; path = DesignPatternsUITests.xctest; sourceTree = BUILT_PRODUCTS_DIR; };
		6DF77B8825DC8AA30097DA13 /* DesignPatternsUITests.swift */ = {isa = PBXFileReference; lastKnownFileType = sourcecode.swift; path = DesignPatternsUITests.swift; sourceTree = "<group>"; };
		6DF77B8A25DC8AA30097DA13 /* Info.plist */ = {isa = PBXFileReference; lastKnownFileType = text.plist.xml; path = Info.plist; sourceTree = "<group>"; };
/* End PBXFileReference section */

/* Begin PBXFrameworksBuildPhase section */
		6DF77B6025DC8AA00097DA13 /* Frameworks */ = {
			isa = PBXFrameworksBuildPhase;
			buildActionMask = 2147483647;
			files = (
			);
			runOnlyForDeploymentPostprocessing = 0;
		};
		6DF77B7625DC8AA30097DA13 /* Frameworks */ = {
			isa = PBXFrameworksBuildPhase;
			buildActionMask = 2147483647;
			files = (
			);
			runOnlyForDeploymentPostprocessing = 0;
		};
		6DF77B8125DC8AA30097DA13 /* Frameworks */ = {
			isa = PBXFrameworksBuildPhase;
			buildActionMask = 2147483647;
			files = (
			);
			runOnlyForDeploymentPostprocessing = 0;
		};
/* End PBXFrameworksBuildPhase section */

/* Begin PBXGroup section */
		6DF77B5A25DC8AA00097DA13 = {
			isa = PBXGroup;
			children = (
				6DF77B6525DC8AA00097DA13 /* DesignPatterns */,
				6DF77B7C25DC8AA30097DA13 /* DesignPatternsTests */,
				6DF77B8725DC8AA30097DA13 /* DesignPatternsUITests */,
				6DF77B6425DC8AA00097DA13 /* Products */,
			);
			sourceTree = "<group>";
		};
		6DF77B6425DC8AA00097DA13 /* Products */ = {
			isa = PBXGroup;
			children = (
				6DF77B6325DC8AA00097DA13 /* DesignPatterns.app */,
				6DF77B7925DC8AA30097DA13 /* DesignPatternsTests.xctest */,
				6DF77B8425DC8AA30097DA13 /* DesignPatternsUITests.xctest */,
			);
			name = Products;
			sourceTree = "<group>";
		};
		6DF77B6525DC8AA00097DA13 /* DesignPatterns */ = {
			isa = PBXGroup;
			children = (
				6DF77B6625DC8AA00097DA13 /* AppDelegate.swift */,
				6DF77B6825DC8AA00097DA13 /* SceneDelegate.swift */,
				6DF77B6A25DC8AA00097DA13 /* ViewController.swift */,
				6DF77B6C25DC8AA00097DA13 /* Main.storyboard */,
				6DF77B6F25DC8AA30097DA13 /* Assets.xcassets */,
				6DF77B7125DC8AA30097DA13 /* LaunchScreen.storyboard */,
				6DF77B7425DC8AA30097DA13 /* Info.plist */,
			);
			path = DesignPatterns;
			sourceTree = "<group>";
		};
		6DF77B7C25DC8AA30097DA13 /* DesignPatternsTests */ = {
			isa = PBXGroup;
			children = (
				6DF77B7D25DC8AA30097DA13 /* DesignPatternsTests.swift */,
				6DF77B7F25DC8AA30097DA13 /* Info.plist */,
			);
			path = DesignPatternsTests;
			sourceTree = "<group>";
		};
		6DF77B8725DC8AA30097DA13 /* DesignPatternsUITests */ = {
			isa = PBXGroup;
			children = (
				6DF77B8825DC8AA30097DA13 /* DesignPatternsUITests.swift */,
				6DF77B8A25DC8AA30097DA13 /* Info.plist */,
			);
			path = DesignPatternsUITests;
			sourceTree = "<group>";
		};
/* End PBXGroup section */

/* Begin PBXNativeTarget section */
		6DF77B6225DC8AA00097DA13 /* DesignPatterns */ = {
			isa = PBXNativeTarget;
			buildConfigurationList = 6DF77B8D25DC8AA30097DA13 /* Build configuration list for PBXNativeTarget "DesignPatterns" */;
			buildPhases = (
				6DF77B5F25DC8AA00097DA13 /* Sources */,
				6DF77B6025DC8AA00097DA13 /* Frameworks */,
				6DF77B6125DC8AA00097DA13 /* Resources */,
			);
			buildRules = (
			);
			dependencies = (
			);
			name = DesignPatterns;
			productName = DesignPatterns;
			productReference = 6DF77B6325DC8AA00097DA13 /* DesignPatterns.app */;
			productType = "com.apple.product-type.application";
		};
		6DF77B7825DC8AA30097DA13 /* DesignPatternsTests */ = {
			isa = PBXNativeTarget;
			buildConfigurationList = 6DF77B9025DC8AA30097DA13 /* Build configuration list for PBXNativeTarget "DesignPatternsTests" */;
			buildPhases = (
				6DF77B7525DC8AA30097DA13 /* Sources */,
				6DF77B7625DC8AA30097DA13 /* Frameworks */,
				6DF77B7725DC8AA30097DA13 /* Resources */,
			);
			buildRules = (
			);
			dependencies = (
				6DF77B7B25DC8AA30097DA13 /* PBXTargetDependency */,
			);
			name = DesignPatternsTests;
			productName = DesignPatternsTests;
			productReference = 6DF77B7925DC8AA30097DA13 /* DesignPatternsTests.xctest */;
			productType = "com.apple.product-type.bundle.unit-test";
		};
		6DF77B8325DC8AA30097DA13 /* DesignPatternsUITests */ = {
			isa = PBXNativeTarget;
			buildConfigurationList = 6DF77B9325DC8AA30097DA13 /* Build configuration list for PBXNativeTarget "DesignPatternsUITests" */;
			buildPhases = (
				6DF77B8025DC8AA30097DA13 /* Sources */,
				6DF77B8125DC8AA30097DA13 /* Frameworks */,
				6DF77B8225DC8AA30097DA13 /* Resources */,
			);
			buildRules = (
			);
			dependencies = (
				6DF77B8625DC8AA30097DA13 /* PBXTargetDependency */,
			);
			name = DesignPatternsUITests;
			productName = DesignPatternsUITests;
			productReference = 6DF77B8425DC8AA30097DA13 /* DesignPatternsUITests.xctest */;
			productType = "com.apple.product-type.bundle.ui-testing";
		};
/* End PBXNativeTarget section */

/* Begin PBXProject section */
		6DF77B5B25DC8AA00097DA13 /* Project object */ = {
			isa = PBXProject;
			attributes = {
				LastSwiftUpdateCheck = 1230;
				LastUpgradeCheck = 1230;
				TargetAttributes = {
					6DF77B6225DC8AA00097DA13 = {
						CreatedOnToolsVersion = 12.3;
					};
					6DF77B7825DC8AA30097DA13 = {
						CreatedOnToolsVersion = 12.3;
						TestTargetID = 6DF77B6225DC8AA00097DA13;
					};
					6DF77B8325DC8AA30097DA13 = {
						CreatedOnToolsVersion = 12.3;
						TestTargetID = 6DF77B6225DC8AA00097DA13;
					};
				};
			};
			buildConfigurationList = 6DF77B5E25DC8AA00097DA13 /* Build configuration list for PBXProject "DesignPatterns" */;
			compatibilityVersion = "Xcode 9.3";
			developmentRegion = en;
			hasScannedForEncodings = 0;
			knownRegions = (
				en,
				Base,
			);
			mainGroup = 6DF77B5A25DC8AA00097DA13;
			productRefGroup = 6DF77B6425DC8AA00097DA13 /* Products */;
			projectDirPath = "";
			projectRoot = "";
			targets = (
				6DF77B6225DC8AA00097DA13 /* DesignPatterns */,
				6DF77B7825DC8AA30097DA13 /* DesignPatternsTests */,
				6DF77B8325DC8AA30097DA13 /* DesignPatternsUITests */,
			);
		};
/* End PBXProject section */

/* Begin PBXResourcesBuildPhase section */
		6DF77B6125DC8AA00097DA13 /* Resources */ = {
			isa = PBXResourcesBuildPhase;
			buildActionMask = 2147483647;
			files = (
				6DF77B7325DC8AA30097DA13 /* LaunchScreen.storyboard in Resources */,
				6DF77B7025DC8AA30097DA13 /* Assets.xcassets in Resources */,
				6DF77B6E25DC8AA00097DA13 /* Main.storyboard in Resources */,
			);
			runOnlyForDeploymentPostprocessing = 0;
		};
		6DF77B7725DC8AA30097DA13 /* Resources */ = {
			isa = PBXResourcesBuildPhase;
			buildActionMask = 2147483647;
			files = (
			);
			runOnlyForDeploymentPostprocessing = 0;
		};
		6DF77B8225DC8AA30097DA13 /* Resources */ = {
			isa = PBXResourcesBuildPhase;
			buildActionMask = 2147483647;
			files = (
			);
			runOnlyForDeploymentPostprocessing = 0;
		};
/* End PBXResourcesBuildPhase section */

/* Begin PBXSourcesBuildPhase section */
		6DF77B5F25DC8AA00097DA13 /* Sources */ = {
			isa = PBXSourcesBuildPhase;
			buildActionMask = 2147483647;
			files = (
				6DF77B6B25DC8AA00097DA13 /* ViewController.swift in Sources */,
				6DF77B6725DC8AA00097DA13 /* AppDelegate.swift in Sources */,
				6DF77B6925DC8AA00097DA13 /* SceneDelegate.swift in Sources */,
			);
			runOnlyForDeploymentPostprocessing = 0;
		};
		6DF77B7525DC8AA30097DA13 /* Sources */ = {
			isa = PBXSourcesBuildPhase;
			buildActionMask = 2147483647;
			files = (
				6DF77B7E25DC8AA30097DA13 /* DesignPatternsTests.swift in Sources */,
			);
			runOnlyForDeploymentPostprocessing = 0;
		};
		6DF77B8025DC8AA30097DA13 /* Sources */ = {
			isa = PBXSourcesBuildPhase;
			buildActionMask = 2147483647;
			files = (
				6DF77B8925DC8AA30097DA13 /* DesignPatternsUITests.swift in Sources */,
			);
			runOnlyForDeploymentPostprocessing = 0;
		};
/* End PBXSourcesBuildPhase section */

/* Begin PBXTargetDependency section */
		6DF77B7B25DC8AA30097DA13 /* PBXTargetDependency */ = {
			isa = PBXTargetDependency;
			target = 6DF77B6225DC8AA00097DA13 /* DesignPatterns */;
			targetProxy = 6DF77B7A25DC8AA30097DA13 /* PBXContainerItemProxy */;
		};
		6DF77B8625DC8AA30097DA13 /* PBXTargetDependency */ = {
			isa = PBXTargetDependency;
			target = 6DF77B6225DC8AA00097DA13 /* DesignPatterns */;
			targetProxy = 6DF77B8525DC8AA30097DA13 /* PBXContainerItemProxy */;
		};
/* End PBXTargetDependency section */

/* Begin PBXVariantGroup section */
		6DF77B6C25DC8AA00097DA13 /* Main.storyboard */ = {
			isa = PBXVariantGroup;
			children = (
				6DF77B6D25DC8AA00097DA13 /* Base */,
			);
			name = Main.storyboard;
			sourceTree = "<group>";
		};
		6DF77B7125DC8AA30097DA13 /* LaunchScreen.storyboard */ = {
			isa = PBXVariantGroup;
			children = (
				6DF77B7225DC8AA30097DA13 /* Base */,
			);
			name = LaunchScreen.storyboard;
			sourceTree = "<group>";
		};
/* End PBXVariantGroup section */

/* Begin XCBuildConfiguration section */
		6DF77B8B25DC8AA30097DA13 /* Debug */ = {
			isa = XCBuildConfiguration;
			buildSettings = {
				ALWAYS_SEARCH_USER_PATHS = NO;
				CLANG_ANALYZER_NONNULL = YES;
				CLANG_ANALYZER_NUMBER_OBJECT_CONVERSION = YES_AGGRESSIVE;
				CLANG_CXX_LANGUAGE_STANDARD = "gnu++14";
				CLANG_CXX_LIBRARY = "libc++";
				CLANG_ENABLE_MODULES = YES;
				CLANG_ENABLE_OBJC_ARC = YES;
				CLANG_ENABLE_OBJC_WEAK = YES;
				CLANG_WARN_BLOCK_CAPTURE_AUTORELEASING = YES;
				CLANG_WARN_BOOL_CONVERSION = YES;
				CLANG_WARN_COMMA = YES;
				CLANG_WARN_CONSTANT_CONVERSION = YES;
				CLANG_WARN_DEPRECATED_OBJC_IMPLEMENTATIONS = YES;
				CLANG_WARN_DIRECT_OBJC_ISA_USAGE = YES_ERROR;
				CLANG_WARN_DOCUMENTATION_COMMENTS = YES;
				CLANG_WARN_EMPTY_BODY = YES;
				CLANG_WARN_ENUM_CONVERSION = YES;
				CLANG_WARN_INFINITE_RECURSION = YES;
				CLANG_WARN_INT_CONVERSION = YES;
				CLANG_WARN_NON_LITERAL_NULL_CONVERSION = YES;
				CLANG_WARN_OBJC_IMPLICIT_RETAIN_SELF = YES;
				CLANG_WARN_OBJC_LITERAL_CONVERSION = YES;
				CLANG_WARN_OBJC_ROOT_CLASS = YES_ERROR;
				CLANG_WARN_QUOTED_INCLUDE_IN_FRAMEWORK_HEADER = YES;
				CLANG_WARN_RANGE_LOOP_ANALYSIS = YES;
				CLANG_WARN_STRICT_PROTOTYPES = YES;
				CLANG_WARN_SUSPICIOUS_MOVE = YES;
				CLANG_WARN_UNGUARDED_AVAILABILITY = YES_AGGRESSIVE;
				CLANG_WARN_UNREACHABLE_CODE = YES;
				CLANG_WARN__DUPLICATE_METHOD_MATCH = YES;
				COPY_PHASE_STRIP = NO;
				DEBUG_INFORMATION_FORMAT = dwarf;
				ENABLE_STRICT_OBJC_MSGSEND = YES;
				ENABLE_TESTABILITY = YES;
				GCC_C_LANGUAGE_STANDARD = gnu11;
				GCC_DYNAMIC_NO_PIC = NO;
				GCC_NO_COMMON_BLOCKS = YES;
				GCC_OPTIMIZATION_LEVEL = 0;
				GCC_PREPROCESSOR_DEFINITIONS = (
					"DEBUG=1",
					"$(inherited)",
				);
				GCC_WARN_64_TO_32_BIT_CONVERSION = YES;
				GCC_WARN_ABOUT_RETURN_TYPE = YES_ERROR;
				GCC_WARN_UNDECLARED_SELECTOR = YES;
				GCC_WARN_UNINITIALIZED_AUTOS = YES_AGGRESSIVE;
				GCC_WARN_UNUSED_FUNCTION = YES;
				GCC_WARN_UNUSED_VARIABLE = YES;
				IPHONEOS_DEPLOYMENT_TARGET = 14.3;
				MTL_ENABLE_DEBUG_INFO = INCLUDE_SOURCE;
				MTL_FAST_MATH = YES;
				ONLY_ACTIVE_ARCH = YES;
				SDKROOT = iphoneos;
				SWIFT_ACTIVE_COMPILATION_CONDITIONS = DEBUG;
				SWIFT_OPTIMIZATION_LEVEL = "-Onone";
			};
			name = Debug;
		};
		6DF77B8C25DC8AA30097DA13 /* Release */ = {
			isa = XCBuildConfiguration;
			buildSettings = {
				ALWAYS_SEARCH_USER_PATHS = NO;
				CLANG_ANALYZER_NONNULL = YES;
				CLANG_ANALYZER_NUMBER_OBJECT_CONVERSION = YES_AGGRESSIVE;
				CLANG_CXX_LANGUAGE_STANDARD = "gnu++14";
				CLANG_CXX_LIBRARY = "libc++";
				CLANG_ENABLE_MODULES = YES;
				CLANG_ENABLE_OBJC_ARC = YES;
				CLANG_ENABLE_OBJC_WEAK = YES;
				CLANG_WARN_BLOCK_CAPTURE_AUTORELEASING = YES;
				CLANG_WARN_BOOL_CONVERSION = YES;
				CLANG_WARN_COMMA = YES;
				CLANG_WARN_CONSTANT_CONVERSION = YES;
				CLANG_WARN_DEPRECATED_OBJC_IMPLEMENTATIONS = YES;
				CLANG_WARN_DIRECT_OBJC_ISA_USAGE = YES_ERROR;
				CLANG_WARN_DOCUMENTATION_COMMENTS = YES;
				CLANG_WARN_EMPTY_BODY = YES;
				CLANG_WARN_ENUM_CONVERSION = YES;
				CLANG_WARN_INFINITE_RECURSION = YES;
				CLANG_WARN_INT_CONVERSION = YES;
				CLANG_WARN_NON_LITERAL_NULL_CONVERSION = YES;
				CLANG_WARN_OBJC_IMPLICIT_RETAIN_SELF = YES;
				CLANG_WARN_OBJC_LITERAL_CONVERSION = YES;
				CLANG_WARN_OBJC_ROOT_CLASS = YES_ERROR;
				CLANG_WARN_QUOTED_INCLUDE_IN_FRAMEWORK_HEADER = YES;
				CLANG_WARN_RANGE_LOOP_ANALYSIS = YES;
				CLANG_WARN_STRICT_PROTOTYPES = YES;
				CLANG_WARN_SUSPICIOUS_MOVE = YES;
				CLANG_WARN_UNGUARDED_AVAILABILITY = YES_AGGRESSIVE;
				CLANG_WARN_UNREACHABLE_CODE = YES;
				CLANG_WARN__DUPLICATE_METHOD_MATCH = YES;
				COPY_PHASE_STRIP = NO;
				DEBUG_INFORMATION_FORMAT = "dwarf-with-dsym";
				ENABLE_NS_ASSERTIONS = NO;
				ENABLE_STRICT_OBJC_MSGSEND = YES;
				GCC_C_LANGUAGE_STANDARD = gnu11;
				GCC_NO_COMMON_BLOCKS = YES;
				GCC_WARN_64_TO_32_BIT_CONVERSION = YES;
				GCC_WARN_ABOUT_RETURN_TYPE = YES_ERROR;
				GCC_WARN_UNDECLARED_SELECTOR = YES;
				GCC_WARN_UNINITIALIZED_AUTOS = YES_AGGRESSIVE;
				GCC_WARN_UNUSED_FUNCTION = YES;
				GCC_WARN_UNUSED_VARIABLE = YES;
				IPHONEOS_DEPLOYMENT_TARGET = 14.3;
				MTL_ENABLE_DEBUG_INFO = NO;
				MTL_FAST_MATH = YES;
				SDKROOT = iphoneos;
				SWIFT_COMPILATION_MODE = wholemodule;
				SWIFT_OPTIMIZATION_LEVEL = "-O";
				VALIDATE_PRODUCT = YES;
			};
			name = Release;
		};
		6DF77B8E25DC8AA30097DA13 /* Debug */ = {
			isa = XCBuildConfiguration;
			buildSettings = {
				ASSETCATALOG_COMPILER_APPICON_NAME = AppIcon;
				ASSETCATALOG_COMPILER_GLOBAL_ACCENT_COLOR_NAME = AccentColor;
				CODE_SIGN_STYLE = Automatic;
				DEVELOPMENT_TEAM = 3Z4ZDG98FM;
				INFOPLIST_FILE = DesignPatterns/Info.plist;
				LD_RUNPATH_SEARCH_PATHS = (
					"$(inherited)",
					"@executable_path/Frameworks",
				);
				PRODUCT_BUNDLE_IDENTIFIER = com.learnswiftboston.DesignPatterns;
				PRODUCT_NAME = "$(TARGET_NAME)";
				SWIFT_VERSION = 5.0;
				TARGETED_DEVICE_FAMILY = "1,2";
			};
			name = Debug;
		};
		6DF77B8F25DC8AA30097DA13 /* Release */ = {
			isa = XCBuildConfiguration;
			buildSettings = {
				ASSETCATALOG_COMPILER_APPICON_NAME = AppIcon;
				ASSETCATALOG_COMPILER_GLOBAL_ACCENT_COLOR_NAME = AccentColor;
				CODE_SIGN_STYLE = Automatic;
				DEVELOPMENT_TEAM = 3Z4ZDG98FM;
				INFOPLIST_FILE = DesignPatterns/Info.plist;
				LD_RUNPATH_SEARCH_PATHS = (
					"$(inherited)",
					"@executable_path/Frameworks",
				);
				PRODUCT_BUNDLE_IDENTIFIER = com.learnswiftboston.DesignPatterns;
				PRODUCT_NAME = "$(TARGET_NAME)";
				SWIFT_VERSION = 5.0;
				TARGETED_DEVICE_FAMILY = "1,2";
			};
			name = Release;
		};
		6DF77B9125DC8AA30097DA13 /* Debug */ = {
			isa = XCBuildConfiguration;
			buildSettings = {
				ALWAYS_EMBED_SWIFT_STANDARD_LIBRARIES = YES;
				BUNDLE_LOADER = "$(TEST_HOST)";
				CODE_SIGN_STYLE = Automatic;
				DEVELOPMENT_TEAM = 3Z4ZDG98FM;
				INFOPLIST_FILE = DesignPatternsTests/Info.plist;
				IPHONEOS_DEPLOYMENT_TARGET = 14.3;
				LD_RUNPATH_SEARCH_PATHS = (
					"$(inherited)",
					"@executable_path/Frameworks",
					"@loader_path/Frameworks",
				);
				PRODUCT_BUNDLE_IDENTIFIER = com.learnswiftboston.DesignPatternsTests;
				PRODUCT_NAME = "$(TARGET_NAME)";
				SWIFT_VERSION = 5.0;
				TARGETED_DEVICE_FAMILY = "1,2";
				TEST_HOST = "$(BUILT_PRODUCTS_DIR)/DesignPatterns.app/DesignPatterns";
			};
			name = Debug;
		};
		6DF77B9225DC8AA30097DA13 /* Release */ = {
			isa = XCBuildConfiguration;
			buildSettings = {
				ALWAYS_EMBED_SWIFT_STANDARD_LIBRARIES = YES;
				BUNDLE_LOADER = "$(TEST_HOST)";
				CODE_SIGN_STYLE = Automatic;
				DEVELOPMENT_TEAM = 3Z4ZDG98FM;
				INFOPLIST_FILE = DesignPatternsTests/Info.plist;
				IPHONEOS_DEPLOYMENT_TARGET = 14.3;
				LD_RUNPATH_SEARCH_PATHS = (
					"$(inherited)",
					"@executable_path/Frameworks",
					"@loader_path/Frameworks",
				);
				PRODUCT_BUNDLE_IDENTIFIER = com.learnswiftboston.DesignPatternsTests;
				PRODUCT_NAME = "$(TARGET_NAME)";
				SWIFT_VERSION = 5.0;
				TARGETED_DEVICE_FAMILY = "1,2";
				TEST_HOST = "$(BUILT_PRODUCTS_DIR)/DesignPatterns.app/DesignPatterns";
			};
			name = Release;
		};
		6DF77B9425DC8AA30097DA13 /* Debug */ = {
			isa = XCBuildConfiguration;
			buildSettings = {
				ALWAYS_EMBED_SWIFT_STANDARD_LIBRARIES = YES;
				CODE_SIGN_STYLE = Automatic;
				DEVELOPMENT_TEAM = 3Z4ZDG98FM;
				INFOPLIST_FILE = DesignPatternsUITests/Info.plist;
				LD_RUNPATH_SEARCH_PATHS = (
					"$(inherited)",
					"@executable_path/Frameworks",
					"@loader_path/Frameworks",
				);
				PRODUCT_BUNDLE_IDENTIFIER = com.learnswiftboston.DesignPatternsUITests;
				PRODUCT_NAME = "$(TARGET_NAME)";
				SWIFT_VERSION = 5.0;
				TARGETED_DEVICE_FAMILY = "1,2";
				TEST_TARGET_NAME = DesignPatterns;
			};
			name = Debug;
		};
		6DF77B9525DC8AA30097DA13 /* Release */ = {
			isa = XCBuildConfiguration;
			buildSettings = {
				ALWAYS_EMBED_SWIFT_STANDARD_LIBRARIES = YES;
				CODE_SIGN_STYLE = Automatic;
				DEVELOPMENT_TEAM = 3Z4ZDG98FM;
				INFOPLIST_FILE = DesignPatternsUITests/Info.plist;
				LD_RUNPATH_SEARCH_PATHS = (
					"$(inherited)",
					"@executable_path/Frameworks",
					"@loader_path/Frameworks",
				);
				PRODUCT_BUNDLE_IDENTIFIER = com.learnswiftboston.DesignPatternsUITests;
				PRODUCT_NAME = "$(TARGET_NAME)";
				SWIFT_VERSION = 5.0;
				TARGETED_DEVICE_FAMILY = "1,2";
				TEST_TARGET_NAME = DesignPatterns;
			};
			name = Release;
		};
/* End XCBuildConfiguration section */

/* Begin XCConfigurationList section */
		6DF77B5E25DC8AA00097DA13 /* Build configuration list for PBXProject "DesignPatterns" */ = {
			isa = XCConfigurationList;
			buildConfigurations = (
				6DF77B8B25DC8AA30097DA13 /* Debug */,
				6DF77B8C25DC8AA30097DA13 /* Release */,
			);
			defaultConfigurationIsVisible = 0;
			defaultConfigurationName = Release;
		};
		6DF77B8D25DC8AA30097DA13 /* Build configuration list for PBXNativeTarget "DesignPatterns" */ = {
			isa = XCConfigurationList;
			buildConfigurations = (
				6DF77B8E25DC8AA30097DA13 /* Debug */,
				6DF77B8F25DC8AA30097DA13 /* Release */,
			);
			defaultConfigurationIsVisible = 0;
			defaultConfigurationName = Release;
		};
		6DF77B9025DC8AA30097DA13 /* Build configuration list for PBXNativeTarget "DesignPatternsTests" */ = {
			isa = XCConfigurationList;
			buildConfigurations = (
				6DF77B9125DC8AA30097DA13 /* Debug */,
				6DF77B9225DC8AA30097DA13 /* Release */,
			);
			defaultConfigurationIsVisible = 0;
			defaultConfigurationName = Release;
		};
		6DF77B9325DC8AA30097DA13 /* Build configuration list for PBXNativeTarget "DesignPatternsUITests" */ = {
			isa = XCConfigurationList;
			buildConfigurations = (
				6DF77B9425DC8AA30097DA13 /* Debug */,
				6DF77B9525DC8AA30097DA13 /* Release */,
			);
			defaultConfigurationIsVisible = 0;
			defaultConfigurationName = Release;
		};
/* End XCConfigurationList section */
	};
	rootObject = 6DF77B5B25DC8AA00097DA13 /* Project object */;
}
